
Microsoft Visual Studio Solution File, Format Version 12.00
# Visual Studio Version 16
VisualStudioVersion = 16.0.29418.71
MinimumVisualStudioVersion = 10.0.40219.1
Project("{FAE04EC0-301F-11D3-BF4B-00C04F79EFBC}") = "Sample-Project-Visual-Studio", "Sample-Project-Visual-Studio\Sample-Project-Visual-Studio.csproj", "{2994291A-7C74-498B-8223-854C0EF96DDA}"
EndProject
Global
	GlobalSection(SolutionConfigurationPlatforms) = preSolution
		Debug|Any CPU = Debug|Any CPU
		Release|Any CPU = Release|Any CPU
	EndGlobalSection
	GlobalSection(ProjectConfigurationPlatforms) = postSolution
		{2994291A-7C74-498B-8223-854C0EF96DDA}.Debug|Any CPU.ActiveCfg = Debug|Any CPU
		{2994291A-7C74-498B-8223-854C0EF96DDA}.Debug|Any CPU.Build.0 = Debug|Any CPU
		{2994291A-7C74-498B-8223-854C0EF96DDA}.Release|Any CPU.ActiveCfg = Release|Any CPU
		{2994291A-7C74-498B-8223-854C0EF96DDA}.Release|Any CPU.Build.0 = Release|Any CPU
	EndGlobalSection
	GlobalSection(SolutionProperties) = preSolution
		HideSolutionNode = FALSE
	EndGlobalSection
	GlobalSection(ExtensibilityGlobals) = postSolution
		SolutionGuid = {6FB339E1-4FD9-48D1-80CC-748B6F8DA649}
	EndGlobalSection
EndGlobal
